// !$*UTF8*$!
{
	archiveVersion = 1;
	classes = {
	};
	objectVersion = 56;
	objects = {

/* Begin PBXBuildFile section */
		3C7BFF4C29F8181D00949CDE /* SakuraSocialApp.swift in Sources */ = {isa = PBXBuildFile; fileRef = 3C7BFF4B29F8181D00949CDE /* SakuraSocialApp.swift */; };
		3C7BFF4E29F8181D00949CDE /* ContentView.swift in Sources */ = {isa = PBXBuildFile; fileRef = 3C7BFF4D29F8181D00949CDE /* ContentView.swift */; };
		3C7BFF5029F8182000949CDE /* Assets.xcassets in Resources */ = {isa = PBXBuildFile; fileRef = 3C7BFF4F29F8182000949CDE /* Assets.xcassets */; };
		3C7BFF5329F8182000949CDE /* Preview Assets.xcassets in Resources */ = {isa = PBXBuildFile; fileRef = 3C7BFF5229F8182000949CDE /* Preview Assets.xcassets */; };
		3C7BFF6129F820EA00949CDE /* UploadView.swift in Sources */ = {isa = PBXBuildFile; fileRef = 3C7BFF6029F820EA00949CDE /* UploadView.swift */; };
		3C7BFF6329F8211500949CDE /* MapSearchView.swift in Sources */ = {isa = PBXBuildFile; fileRef = 3C7BFF6229F8211500949CDE /* MapSearchView.swift */; };
		3C7BFF6529F8212000949CDE /* TimelineSearchView.swift in Sources */ = {isa = PBXBuildFile; fileRef = 3C7BFF6429F8212000949CDE /* TimelineSearchView.swift */; };
		3C7BFF6729F8215700949CDE /* MainTabView.swift in Sources */ = {isa = PBXBuildFile; fileRef = 3C7BFF6629F8215700949CDE /* MainTabView.swift */; };
		3C7BFF6929F8237100949CDE /* PhotosPickerView.swift in Sources */ = {isa = PBXBuildFile; fileRef = 3C7BFF6829F8237100949CDE /* PhotosPickerView.swift */; };
/* End PBXBuildFile section */

/* Begin PBXFileReference section */
		3C7BFF4829F8181D00949CDE /* SakuraSocial.app */ = {isa = PBXFileReference; explicitFileType = wrapper.application; includeInIndex = 0; path = SakuraSocial.app; sourceTree = BUILT_PRODUCTS_DIR; };
		3C7BFF4B29F8181D00949CDE /* SakuraSocialApp.swift */ = {isa = PBXFileReference; lastKnownFileType = sourcecode.swift; path = SakuraSocialApp.swift; sourceTree = "<group>"; };
		3C7BFF4D29F8181D00949CDE /* ContentView.swift */ = {isa = PBXFileReference; lastKnownFileType = sourcecode.swift; path = ContentView.swift; sourceTree = "<group>"; };
		3C7BFF4F29F8182000949CDE /* Assets.xcassets */ = {isa = PBXFileReference; lastKnownFileType = folder.assetcatalog; path = Assets.xcassets; sourceTree = "<group>"; };
		3C7BFF5229F8182000949CDE /* Preview Assets.xcassets */ = {isa = PBXFileReference; lastKnownFileType = folder.assetcatalog; path = "Preview Assets.xcassets"; sourceTree = "<group>"; };
		3C7BFF6029F820EA00949CDE /* UploadView.swift */ = {isa = PBXFileReference; lastKnownFileType = sourcecode.swift; path = UploadView.swift; sourceTree = "<group>"; };
		3C7BFF6229F8211500949CDE /* MapSearchView.swift */ = {isa = PBXFileReference; lastKnownFileType = sourcecode.swift; path = MapSearchView.swift; sourceTree = "<group>"; };
		3C7BFF6429F8212000949CDE /* TimelineSearchView.swift */ = {isa = PBXFileReference; lastKnownFileType = sourcecode.swift; path = TimelineSearchView.swift; sourceTree = "<group>"; };
		3C7BFF6629F8215700949CDE /* MainTabView.swift */ = {isa = PBXFileReference; lastKnownFileType = sourcecode.swift; path = MainTabView.swift; sourceTree = "<group>"; };
		3C7BFF6829F8237100949CDE /* PhotosPickerView.swift */ = {isa = PBXFileReference; lastKnownFileType = sourcecode.swift; path = PhotosPickerView.swift; sourceTree = "<group>"; };
/* End PBXFileReference section */

/* Begin PBXFrameworksBuildPhase section */
		3C7BFF4529F8181D00949CDE /* Frameworks */ = {
			isa = PBXFrameworksBuildPhase;
			buildActionMask = 2147483647;
			files = (
			);
			runOnlyForDeploymentPostprocessing = 0;
		};
/* End PBXFrameworksBuildPhase section */

/* Begin PBXGroup section */
		3C7BFF3F29F8181D00949CDE = {
			isa = PBXGroup;
			children = (
				3C7BFF4A29F8181D00949CDE /* SakuraSocial */,
				3C7BFF4929F8181D00949CDE /* Products */,
			);
			sourceTree = "<group>";
		};
		3C7BFF4929F8181D00949CDE /* Products */ = {
			isa = PBXGroup;
			children = (
				3C7BFF4829F8181D00949CDE /* SakuraSocial.app */,
			);
			name = Products;
			sourceTree = "<group>";
		};
		3C7BFF4A29F8181D00949CDE /* SakuraSocial */ = {
			isa = PBXGroup;
			children = (
				3C7BFF5929F81E6D00949CDE /* View */,
				3C7BFF4B29F8181D00949CDE /* SakuraSocialApp.swift */,
				3C7BFF4F29F8182000949CDE /* Assets.xcassets */,
				3C7BFF5129F8182000949CDE /* Preview Content */,
			);
			path = SakuraSocial;
			sourceTree = "<group>";
		};
		3C7BFF5129F8182000949CDE /* Preview Content */ = {
			isa = PBXGroup;
			children = (
				3C7BFF5229F8182000949CDE /* Preview Assets.xcassets */,
			);
			path = "Preview Content";
			sourceTree = "<group>";
		};
		3C7BFF5929F81E6D00949CDE /* View */ = {
			isa = PBXGroup;
			children = (
				3C7BFF5F29F8204C00949CDE /* Login */,
				3C7BFF5A29F81FF300949CDE /* Upload */,
				3C7BFF5E29F8203100949CDE /* MapSearch */,
				3C7BFF5D29F8201C00949CDE /* TimelineSearch */,
				3C7BFF5C29F8200F00949CDE /* Main */,
			);
			path = View;
			sourceTree = "<group>";
		};
		3C7BFF5A29F81FF300949CDE /* Upload */ = {
			isa = PBXGroup;
			children = (
				3C7BFF6029F820EA00949CDE /* UploadView.swift */,
				3C7BFF6829F8237100949CDE /* PhotosPickerView.swift */,
			);
			path = Upload;
			sourceTree = "<group>";
		};
		3C7BFF5C29F8200F00949CDE /* Main */ = {
			isa = PBXGroup;
			children = (
				3C7BFF4D29F8181D00949CDE /* ContentView.swift */,
				3C7BFF6629F8215700949CDE /* MainTabView.swift */,
			);
			path = Main;
			sourceTree = "<group>";
		};
		3C7BFF5D29F8201C00949CDE /* TimelineSearch */ = {
			isa = PBXGroup;
			children = (
				3C7BFF6429F8212000949CDE /* TimelineSearchView.swift */,
			);
			path = TimelineSearch;
			sourceTree = "<group>";
		};
		3C7BFF5E29F8203100949CDE /* MapSearch */ = {
			isa = PBXGroup;
			children = (
				3C7BFF6229F8211500949CDE /* MapSearchView.swift */,
			);
			path = MapSearch;
			sourceTree = "<group>";
		};
		3C7BFF5F29F8204C00949CDE /* Login */ = {
			isa = PBXGroup;
			children = (
			);
			path = Login;
			sourceTree = "<group>";
		};
/* End PBXGroup section */

/* Begin PBXNativeTarget section */
		3C7BFF4729F8181D00949CDE /* SakuraSocial */ = {
			isa = PBXNativeTarget;
			buildConfigurationList = 3C7BFF5629F8182000949CDE /* Build configuration list for PBXNativeTarget "SakuraSocial" */;
			buildPhases = (
				3C7BFF4429F8181D00949CDE /* Sources */,
				3C7BFF4529F8181D00949CDE /* Frameworks */,
				3C7BFF4629F8181D00949CDE /* Resources */,
			);
			buildRules = (
			);
			dependencies = (
			);
			name = SakuraSocial;
			productName = SakuraSocial;
			productReference = 3C7BFF4829F8181D00949CDE /* SakuraSocial.app */;
			productType = "com.apple.product-type.application";
		};
/* End PBXNativeTarget section */

/* Begin PBXProject section */
		3C7BFF4029F8181D00949CDE /* Project object */ = {
			isa = PBXProject;
			attributes = {
				BuildIndependentTargetsInParallel = 1;
				LastSwiftUpdateCheck = 1420;
				LastUpgradeCheck = 1420;
				TargetAttributes = {
					3C7BFF4729F8181D00949CDE = {
						CreatedOnToolsVersion = 14.2;
					};
				};
			};
			buildConfigurationList = 3C7BFF4329F8181D00949CDE /* Build configuration list for PBXProject "SakuraSocial" */;
			compatibilityVersion = "Xcode 14.0";
			developmentRegion = en;
			hasScannedForEncodings = 0;
			knownRegions = (
				en,
				Base,
			);
			mainGroup = 3C7BFF3F29F8181D00949CDE;
			productRefGroup = 3C7BFF4929F8181D00949CDE /* Products */;
			projectDirPath = "";
			projectRoot = "";
			targets = (
				3C7BFF4729F8181D00949CDE /* SakuraSocial */,
			);
		};
/* End PBXProject section */

/* Begin PBXResourcesBuildPhase section */
		3C7BFF4629F8181D00949CDE /* Resources */ = {
			isa = PBXResourcesBuildPhase;
			buildActionMask = 2147483647;
			files = (
				3C7BFF5329F8182000949CDE /* Preview Assets.xcassets in Resources */,
				3C7BFF5029F8182000949CDE /* Assets.xcassets in Resources */,
			);
			runOnlyForDeploymentPostprocessing = 0;
		};
/* End PBXResourcesBuildPhase section */

/* Begin PBXSourcesBuildPhase section */
		3C7BFF4429F8181D00949CDE /* Sources */ = {
			isa = PBXSourcesBuildPhase;
			buildActionMask = 2147483647;
			files = (
				3C7BFF6529F8212000949CDE /* TimelineSearchView.swift in Sources */,
				3C7BFF6129F820EA00949CDE /* UploadView.swift in Sources */,
				3C7BFF6329F8211500949CDE /* MapSearchView.swift in Sources */,
				3C7BFF4E29F8181D00949CDE /* ContentView.swift in Sources */,
				3C7BFF6929F8237100949CDE /* PhotosPickerView.swift in Sources */,
				3C7BFF4C29F8181D00949CDE /* SakuraSocialApp.swift in Sources */,
				3C7BFF6729F8215700949CDE /* MainTabView.swift in Sources */,
			);
			runOnlyForDeploymentPostprocessing = 0;
		};
/* End PBXSourcesBuildPhase section */

/* Begin XCBuildConfiguration section */
		3C7BFF5429F8182000949CDE /* Debug */ = {
			isa = XCBuildConfiguration;
			buildSettings = {
				ALWAYS_SEARCH_USER_PATHS = NO;
				CLANG_ANALYZER_NONNULL = YES;
				CLANG_ANALYZER_NUMBER_OBJECT_CONVERSION = YES_AGGRESSIVE;
				CLANG_CXX_LANGUAGE_STANDARD = "gnu++20";
				CLANG_ENABLE_MODULES = YES;
				CLANG_ENABLE_OBJC_ARC = YES;
				CLANG_ENABLE_OBJC_WEAK = YES;
				CLANG_WARN_BLOCK_CAPTURE_AUTORELEASING = YES;
				CLANG_WARN_BOOL_CONVERSION = YES;
				CLANG_WARN_COMMA = YES;
				CLANG_WARN_CONSTANT_CONVERSION = YES;
				CLANG_WARN_DEPRECATED_OBJC_IMPLEMENTATIONS = YES;
				CLANG_WARN_DIRECT_OBJC_ISA_USAGE = YES_ERROR;
				CLANG_WARN_DOCUMENTATION_COMMENTS = YES;
				CLANG_WARN_EMPTY_BODY = YES;
				CLANG_WARN_ENUM_CONVERSION = YES;
				CLANG_WARN_INFINITE_RECURSION = YES;
				CLANG_WARN_INT_CONVERSION = YES;
				CLANG_WARN_NON_LITERAL_NULL_CONVERSION = YES;
				CLANG_WARN_OBJC_IMPLICIT_RETAIN_SELF = YES;
				CLANG_WARN_OBJC_LITERAL_CONVERSION = YES;
				CLANG_WARN_OBJC_ROOT_CLASS = YES_ERROR;
				CLANG_WARN_QUOTED_INCLUDE_IN_FRAMEWORK_HEADER = YES;
				CLANG_WARN_RANGE_LOOP_ANALYSIS = YES;
				CLANG_WARN_STRICT_PROTOTYPES = YES;
				CLANG_WARN_SUSPICIOUS_MOVE = YES;
				CLANG_WARN_UNGUARDED_AVAILABILITY = YES_AGGRESSIVE;
				CLANG_WARN_UNREACHABLE_CODE = YES;
				CLANG_WARN__DUPLICATE_METHOD_MATCH = YES;
				COPY_PHASE_STRIP = NO;
				DEBUG_INFORMATION_FORMAT = dwarf;
				ENABLE_STRICT_OBJC_MSGSEND = YES;
				ENABLE_TESTABILITY = YES;
				GCC_C_LANGUAGE_STANDARD = gnu11;
				GCC_DYNAMIC_NO_PIC = NO;
				GCC_NO_COMMON_BLOCKS = YES;
				GCC_OPTIMIZATION_LEVEL = 0;
				GCC_PREPROCESSOR_DEFINITIONS = (
					"DEBUG=1",
					"$(inherited)",
				);
				GCC_WARN_64_TO_32_BIT_CONVERSION = YES;
				GCC_WARN_ABOUT_RETURN_TYPE = YES_ERROR;
				GCC_WARN_UNDECLARED_SELECTOR = YES;
				GCC_WARN_UNINITIALIZED_AUTOS = YES_AGGRESSIVE;
				GCC_WARN_UNUSED_FUNCTION = YES;
				GCC_WARN_UNUSED_VARIABLE = YES;
				IPHONEOS_DEPLOYMENT_TARGET = 16.2;
				MTL_ENABLE_DEBUG_INFO = INCLUDE_SOURCE;
				MTL_FAST_MATH = YES;
				ONLY_ACTIVE_ARCH = YES;
				SDKROOT = iphoneos;
				SWIFT_ACTIVE_COMPILATION_CONDITIONS = DEBUG;
				SWIFT_OPTIMIZATION_LEVEL = "-Onone";
			};
			name = Debug;
		};
		3C7BFF5529F8182000949CDE /* Release */ = {
			isa = XCBuildConfiguration;
			buildSettings = {
				ALWAYS_SEARCH_USER_PATHS = NO;
				CLANG_ANALYZER_NONNULL = YES;
				CLANG_ANALYZER_NUMBER_OBJECT_CONVERSION = YES_AGGRESSIVE;
				CLANG_CXX_LANGUAGE_STANDARD = "gnu++20";
				CLANG_ENABLE_MODULES = YES;
				CLANG_ENABLE_OBJC_ARC = YES;
				CLANG_ENABLE_OBJC_WEAK = YES;
				CLANG_WARN_BLOCK_CAPTURE_AUTORELEASING = YES;
				CLANG_WARN_BOOL_CONVERSION = YES;
				CLANG_WARN_COMMA = YES;
				CLANG_WARN_CONSTANT_CONVERSION = YES;
				CLANG_WARN_DEPRECATED_OBJC_IMPLEMENTATIONS = YES;
				CLANG_WARN_DIRECT_OBJC_ISA_USAGE = YES_ERROR;
				CLANG_WARN_DOCUMENTATION_COMMENTS = YES;
				CLANG_WARN_EMPTY_BODY = YES;
				CLANG_WARN_ENUM_CONVERSION = YES;
				CLANG_WARN_INFINITE_RECURSION = YES;
				CLANG_WARN_INT_CONVERSION = YES;
				CLANG_WARN_NON_LITERAL_NULL_CONVERSION = YES;
				CLANG_WARN_OBJC_IMPLICIT_RETAIN_SELF = YES;
				CLANG_WARN_OBJC_LITERAL_CONVERSION = YES;
				CLANG_WARN_OBJC_ROOT_CLASS = YES_ERROR;
				CLANG_WARN_QUOTED_INCLUDE_IN_FRAMEWORK_HEADER = YES;
				CLANG_WARN_RANGE_LOOP_ANALYSIS = YES;
				CLANG_WARN_STRICT_PROTOTYPES = YES;
				CLANG_WARN_SUSPICIOUS_MOVE = YES;
				CLANG_WARN_UNGUARDED_AVAILABILITY = YES_AGGRESSIVE;
				CLANG_WARN_UNREACHABLE_CODE = YES;
				CLANG_WARN__DUPLICATE_METHOD_MATCH = YES;
				COPY_PHASE_STRIP = NO;
				DEBUG_INFORMATION_FORMAT = "dwarf-with-dsym";
				ENABLE_NS_ASSERTIONS = NO;
				ENABLE_STRICT_OBJC_MSGSEND = YES;
				GCC_C_LANGUAGE_STANDARD = gnu11;
				GCC_NO_COMMON_BLOCKS = YES;
				GCC_WARN_64_TO_32_BIT_CONVERSION = YES;
				GCC_WARN_ABOUT_RETURN_TYPE = YES_ERROR;
				GCC_WARN_UNDECLARED_SELECTOR = YES;
				GCC_WARN_UNINITIALIZED_AUTOS = YES_AGGRESSIVE;
				GCC_WARN_UNUSED_FUNCTION = YES;
				GCC_WARN_UNUSED_VARIABLE = YES;
				IPHONEOS_DEPLOYMENT_TARGET = 16.2;
				MTL_ENABLE_DEBUG_INFO = NO;
				MTL_FAST_MATH = YES;
				SDKROOT = iphoneos;
				SWIFT_COMPILATION_MODE = wholemodule;
				SWIFT_OPTIMIZATION_LEVEL = "-O";
				VALIDATE_PRODUCT = YES;
			};
			name = Release;
		};
		3C7BFF5729F8182000949CDE /* Debug */ = {
			isa = XCBuildConfiguration;
			buildSettings = {
				ASSETCATALOG_COMPILER_APPICON_NAME = AppIcon;
				ASSETCATALOG_COMPILER_GLOBAL_ACCENT_COLOR_NAME = AccentColor;
				CODE_SIGN_STYLE = Automatic;
				CURRENT_PROJECT_VERSION = 1;
				DEVELOPMENT_ASSET_PATHS = "\"SakuraSocial/Preview Content\"";
				ENABLE_PREVIEWS = YES;
				GENERATE_INFOPLIST_FILE = YES;
				INFOPLIST_KEY_UIApplicationSceneManifest_Generation = YES;
				INFOPLIST_KEY_UIApplicationSupportsIndirectInputEvents = YES;
				INFOPLIST_KEY_UILaunchScreen_Generation = YES;
				INFOPLIST_KEY_UISupportedInterfaceOrientations_iPad = "UIInterfaceOrientationPortrait UIInterfaceOrientationPortraitUpsideDown UIInterfaceOrientationLandscapeLeft UIInterfaceOrientationLandscapeRight";
				INFOPLIST_KEY_UISupportedInterfaceOrientations_iPhone = "UIInterfaceOrientationPortrait UIInterfaceOrientationLandscapeLeft UIInterfaceOrientationLandscapeRight";
				LD_RUNPATH_SEARCH_PATHS = (
					"$(inherited)",
					"@executable_path/Frameworks",
				);
				MARKETING_VERSION = 1.0;
				PRODUCT_BUNDLE_IDENTIFIER = Riki.SakuraSocial;
				PRODUCT_NAME = "$(TARGET_NAME)";
				SWIFT_EMIT_LOC_STRINGS = YES;
				SWIFT_VERSION = 5.0;
				TARGETED_DEVICE_FAMILY = "1,2";
			};
			name = Debug;
		};
		3C7BFF5829F8182000949CDE /* Release */ = {
			isa = XCBuildConfiguration;
			buildSettings = {
				ASSETCATALOG_COMPILER_APPICON_NAME = AppIcon;
				ASSETCATALOG_COMPILER_GLOBAL_ACCENT_COLOR_NAME = AccentColor;
				CODE_SIGN_STYLE = Automatic;
				CURRENT_PROJECT_VERSION = 1;
				DEVELOPMENT_ASSET_PATHS = "\"SakuraSocial/Preview Content\"";
				ENABLE_PREVIEWS = YES;
				GENERATE_INFOPLIST_FILE = YES;
				INFOPLIST_KEY_UIApplicationSceneManifest_Generation = YES;
				INFOPLIST_KEY_UIApplicationSupportsIndirectInputEvents = YES;
				INFOPLIST_KEY_UILaunchScreen_Generation = YES;
				INFOPLIST_KEY_UISupportedInterfaceOrientations_iPad = "UIInterfaceOrientationPortrait UIInterfaceOrientationPortraitUpsideDown UIInterfaceOrientationLandscapeLeft UIInterfaceOrientationLandscapeRight";
				INFOPLIST_KEY_UISupportedInterfaceOrientations_iPhone = "UIInterfaceOrientationPortrait UIInterfaceOrientationLandscapeLeft UIInterfaceOrientationLandscapeRight";
				LD_RUNPATH_SEARCH_PATHS = (
					"$(inherited)",
					"@executable_path/Frameworks",
				);
				MARKETING_VERSION = 1.0;
				PRODUCT_BUNDLE_IDENTIFIER = Riki.SakuraSocial;
				PRODUCT_NAME = "$(TARGET_NAME)";
				SWIFT_EMIT_LOC_STRINGS = YES;
				SWIFT_VERSION = 5.0;
				TARGETED_DEVICE_FAMILY = "1,2";
			};
			name = Release;
		};
/* End XCBuildConfiguration section */

/* Begin XCConfigurationList section */
		3C7BFF4329F8181D00949CDE /* Build configuration list for PBXProject "SakuraSocial" */ = {
			isa = XCConfigurationList;
			buildConfigurations = (
				3C7BFF5429F8182000949CDE /* Debug */,
				3C7BFF5529F8182000949CDE /* Release */,
			);
			defaultConfigurationIsVisible = 0;
			defaultConfigurationName = Release;
		};
		3C7BFF5629F8182000949CDE /* Build configuration list for PBXNativeTarget "SakuraSocial" */ = {
			isa = XCConfigurationList;
			buildConfigurations = (
				3C7BFF5729F8182000949CDE /* Debug */,
				3C7BFF5829F8182000949CDE /* Release */,
			);
			defaultConfigurationIsVisible = 0;
			defaultConfigurationName = Release;
		};
/* End XCConfigurationList section */
	};
	rootObject = 3C7BFF4029F8181D00949CDE /* Project object */;
}
